
Microsoft Visual Studio Solution File, Format Version 12.00
# Visual Studio Version 17
VisualStudioVersion = 17.3.32929.385
MinimumVisualStudioVersion = 10.0.40219.1
Project("{FAE04EC0-301F-11D3-BF4B-00C04F79EFBC}") = "AkelonTaskWithExcel", "AkelonTaskWithExcel\AkelonTaskWithExcel.csproj", "{6B2922AE-14E7-4E9A-8D2C-364BE1003C61}"
EndProject
Global
	GlobalSection(SolutionConfigurationPlatforms) = preSolution
		Debug|Any CPU = Debug|Any CPU
		Release|Any CPU = Release|Any CPU
	EndGlobalSection
	GlobalSection(ProjectConfigurationPlatforms) = postSolution
		{6B2922AE-14E7-4E9A-8D2C-364BE1003C61}.Debug|Any CPU.ActiveCfg = Debug|Any CPU
		{6B2922AE-14E7-4E9A-8D2C-364BE1003C61}.Debug|Any CPU.Build.0 = Debug|Any CPU
		{6B2922AE-14E7-4E9A-8D2C-364BE1003C61}.Release|Any CPU.ActiveCfg = Release|Any CPU
		{6B2922AE-14E7-4E9A-8D2C-364BE1003C61}.Release|Any CPU.Build.0 = Release|Any CPU
	EndGlobalSection
	GlobalSection(SolutionProperties) = preSolution
		HideSolutionNode = FALSE
	EndGlobalSection
	GlobalSection(ExtensibilityGlobals) = postSolution
		SolutionGuid = {6376FA6E-9679-416F-9F80-50C420BB7142}
	EndGlobalSection
EndGlobal
